
Microsoft Visual Studio Solution File, Format Version 12.00
# Visual Studio Version 16
VisualStudioVersion = 16.0.32228.343
MinimumVisualStudioVersion = 10.0.40219.1
Project("{FAE04EC0-301F-11D3-BF4B-00C04F79EFBC}") = "ExamIS413", "ExamIS413.csproj", "{9FE05C54-FA3E-4895-9CCE-99DBCA103783}"
EndProject
Global
	GlobalSection(SolutionConfigurationPlatforms) = preSolution
		Debug|Any CPU = Debug|Any CPU
		Release|Any CPU = Release|Any CPU
	EndGlobalSection
	GlobalSection(ProjectConfigurationPlatforms) = postSolution
		{9FE05C54-FA3E-4895-9CCE-99DBCA103783}.Debug|Any CPU.ActiveCfg = Debug|Any CPU
		{9FE05C54-FA3E-4895-9CCE-99DBCA103783}.Debug|Any CPU.Build.0 = Debug|Any CPU
		{9FE05C54-FA3E-4895-9CCE-99DBCA103783}.Release|Any CPU.ActiveCfg = Release|Any CPU
		{9FE05C54-FA3E-4895-9CCE-99DBCA103783}.Release|Any CPU.Build.0 = Release|Any CPU
	EndGlobalSection
	GlobalSection(SolutionProperties) = preSolution
		HideSolutionNode = FALSE
	EndGlobalSection
	GlobalSection(ExtensibilityGlobals) = postSolution
		SolutionGuid = {802CF456-5354-4EAB-B0B3-95AF3F9A42F4}
	EndGlobalSection
EndGlobal
